
Microsoft Visual Studio Solution File, Format Version 12.00
# Visual Studio Version 17
VisualStudioVersion = 17.7.34202.233
MinimumVisualStudioVersion = 10.0.40219.1
Project("{FAE04EC0-301F-11D3-BF4B-00C04F79EFBC}") = "Entities", "Entities\Entities.csproj", "{AA12C84A-4D30-4504-9627-571A319B1082}"
EndProject
Project("{FAE04EC0-301F-11D3-BF4B-00C04F79EFBC}") = "Business", "Business\Business.csproj", "{F9637CF5-3AD5-4DCE-B6C2-8FC9B3089ADE}"
EndProject
Project("{FAE04EC0-301F-11D3-BF4B-00C04F79EFBC}") = "ConsoleUI", "ConsoleUI\ConsoleUI.csproj", "{68C35A9B-58FF-45F6-AB65-3739275C9D54}"
EndProject
Global
	GlobalSection(SolutionConfigurationPlatforms) = preSolution
		Debug|Any CPU = Debug|Any CPU
		Release|Any CPU = Release|Any CPU
	EndGlobalSection
	GlobalSection(ProjectConfigurationPlatforms) = postSolution
		{AA12C84A-4D30-4504-9627-571A319B1082}.Debug|Any CPU.ActiveCfg = Debug|Any CPU
		{AA12C84A-4D30-4504-9627-571A319B1082}.Debug|Any CPU.Build.0 = Debug|Any CPU
		{AA12C84A-4D30-4504-9627-571A319B1082}.Release|Any CPU.ActiveCfg = Release|Any CPU
		{AA12C84A-4D30-4504-9627-571A319B1082}.Release|Any CPU.Build.0 = Release|Any CPU
		{F9637CF5-3AD5-4DCE-B6C2-8FC9B3089ADE}.Debug|Any CPU.ActiveCfg = Debug|Any CPU
		{F9637CF5-3AD5-4DCE-B6C2-8FC9B3089ADE}.Debug|Any CPU.Build.0 = Debug|Any CPU
		{F9637CF5-3AD5-4DCE-B6C2-8FC9B3089ADE}.Release|Any CPU.ActiveCfg = Release|Any CPU
		{F9637CF5-3AD5-4DCE-B6C2-8FC9B3089ADE}.Release|Any CPU.Build.0 = Release|Any CPU
		{68C35A9B-58FF-45F6-AB65-3739275C9D54}.Debug|Any CPU.ActiveCfg = Debug|Any CPU
		{68C35A9B-58FF-45F6-AB65-3739275C9D54}.Debug|Any CPU.Build.0 = Debug|Any CPU
		{68C35A9B-58FF-45F6-AB65-3739275C9D54}.Release|Any CPU.ActiveCfg = Release|Any CPU
		{68C35A9B-58FF-45F6-AB65-3739275C9D54}.Release|Any CPU.Build.0 = Release|Any CPU
	EndGlobalSection
	GlobalSection(SolutionProperties) = preSolution
		HideSolutionNode = FALSE
	EndGlobalSection
	GlobalSection(ExtensibilityGlobals) = postSolution
		SolutionGuid = {59D45AE7-A06D-47EE-8720-9D4C71C76A53}
	EndGlobalSection
EndGlobal
